<?xml version="1.0" encoding="utf-8"?>
<Project ToolsVersion="4.0" xmlns="http://schemas.microsoft.com/developer/msbuild/2003">
  <ItemGroup>
    <Filter Include="Source Files">
      <UniqueIdentifier>{7f847691-db8d-4921-b8e6-1b2de431db1f}</UniqueIdentifier>
      <Extensions>cpp;c;cxx;rc;def;r;odl;idl;hpj;bat</Extensions>
    </Filter>
    <Filter Include="Resource Files">
      <UniqueIdentifier>{d7256126-eec6-404c-a565-fc8e8276f9e9}</UniqueIdentifier>
      <Extensions>ico;cur;bmp;dlg;rc2;rct;bin;rgs;gif;jpg;jpeg;jpe</Extensions>
    </Filter>
  </ItemGroup>
  <ItemGroup>
    <ClCompile Include="test10.c">
      <Filter>Source Files</Filter>
    </ClCompile>
    <ClCompile Include="PerformanceTimers.c">
      <Filter>Source Files</Filter>
    </ClCompile>
  </ItemGroup>
</Project>